
Microsoft Visual Studio Solution File, Format Version 12.00
# Visual Studio 15
VisualStudioVersion = 15.0.28307.168
MinimumVisualStudioVersion = 10.0.40219.1
Project("{FAE04EC0-301F-11D3-BF4B-00C04F79EFBC}") = "P01.UniqueUsernames", "P01.UniqueUsernames\P01.UniqueUsernames.csproj", "{C460A7C7-FBE3-41C2-9762-D4BA3115FD4D}"
EndProject
Project("{FAE04EC0-301F-11D3-BF4B-00C04F79EFBC}") = "P02.SetsOfElements", "P02.SetsOfElements\P02.SetsOfElements.csproj", "{0EE2437C-06E3-41D6-ADAA-9B7EAB423438}"
EndProject
Global
	GlobalSection(SolutionConfigurationPlatforms) = preSolution
		Debug|Any CPU = Debug|Any CPU
		Release|Any CPU = Release|Any CPU
	EndGlobalSection
	GlobalSection(ProjectConfigurationPlatforms) = postSolution
		{C460A7C7-FBE3-41C2-9762-D4BA3115FD4D}.Debug|Any CPU.ActiveCfg = Debug|Any CPU
		{C460A7C7-FBE3-41C2-9762-D4BA3115FD4D}.Debug|Any CPU.Build.0 = Debug|Any CPU
		{C460A7C7-FBE3-41C2-9762-D4BA3115FD4D}.Release|Any CPU.ActiveCfg = Release|Any CPU
		{C460A7C7-FBE3-41C2-9762-D4BA3115FD4D}.Release|Any CPU.Build.0 = Release|Any CPU
		{0EE2437C-06E3-41D6-ADAA-9B7EAB423438}.Debug|Any CPU.ActiveCfg = Debug|Any CPU
		{0EE2437C-06E3-41D6-ADAA-9B7EAB423438}.Debug|Any CPU.Build.0 = Debug|Any CPU
		{0EE2437C-06E3-41D6-ADAA-9B7EAB423438}.Release|Any CPU.ActiveCfg = Release|Any CPU
		{0EE2437C-06E3-41D6-ADAA-9B7EAB423438}.Release|Any CPU.Build.0 = Release|Any CPU
	EndGlobalSection
	GlobalSection(SolutionProperties) = preSolution
		HideSolutionNode = FALSE
	EndGlobalSection
	GlobalSection(ExtensibilityGlobals) = postSolution
		SolutionGuid = {3134FD00-79C2-4072-8F8F-598CB030E24D}
	EndGlobalSection
EndGlobal
