
Microsoft Visual Studio Solution File, Format Version 12.00
# Visual Studio 15
VisualStudioVersion = 15.0.28307.168
MinimumVisualStudioVersion = 10.0.40219.1
Project("{9A19103F-16F7-4668-BE54-9A1E7A4F7556}") = "P01.DefineAClassPerson", "P01.DefineAClassPerson\P01.DefineAClassPerson.csproj", "{3F40C6D9-0EF4-47CF-A337-3B10AD93CF47}"
EndProject
Project("{9A19103F-16F7-4668-BE54-9A1E7A4F7556}") = "P02.CreatingConstructors", "P02.CreatingConstructors\P02.CreatingConstructors.csproj", "{9903CF05-D0B9-465C-A89D-83C6545D43D2}"
EndProject
Project("{9A19103F-16F7-4668-BE54-9A1E7A4F7556}") = "P03.OldestFamilyMember", "P03.OldestFamilyMember\P03.OldestFamilyMember.csproj", "{547A04FA-E524-4510-B584-322A9E6E3994}"
EndProject
Project("{9A19103F-16F7-4668-BE54-9A1E7A4F7556}") = "P04.OpinionPoll", "P04.OpinionPoll\P04.OpinionPoll.csproj", "{38400161-DCD6-4A30-9F30-842378831A69}"
EndProject
Project("{FAE04EC0-301F-11D3-BF4B-00C04F79EFBC}") = "P05.DateModifier", "P05.DateModifier\P05.DateModifier.csproj", "{4C32AC85-9515-4CA6-8557-F6E3762E7F59}"
EndProject
Project("{FAE04EC0-301F-11D3-BF4B-00C04F79EFBC}") = "P06.CompanyRoster", "P06.CompanyRoster\P06.CompanyRoster.csproj", "{34151544-2EB5-45AF-B54D-F2060635789A}"
EndProject
Project("{FAE04EC0-301F-11D3-BF4B-00C04F79EFBC}") = "P07.SpeedRacing", "P07.SpeedRacing\P07.SpeedRacing.csproj", "{5C2E6AE7-9484-403D-B51A-927BF1EEB0DE}"
EndProject
Global
	GlobalSection(SolutionConfigurationPlatforms) = preSolution
		Debug|Any CPU = Debug|Any CPU
		Release|Any CPU = Release|Any CPU
	EndGlobalSection
	GlobalSection(ProjectConfigurationPlatforms) = postSolution
		{3F40C6D9-0EF4-47CF-A337-3B10AD93CF47}.Debug|Any CPU.ActiveCfg = Debug|Any CPU
		{3F40C6D9-0EF4-47CF-A337-3B10AD93CF47}.Debug|Any CPU.Build.0 = Debug|Any CPU
		{3F40C6D9-0EF4-47CF-A337-3B10AD93CF47}.Release|Any CPU.ActiveCfg = Release|Any CPU
		{3F40C6D9-0EF4-47CF-A337-3B10AD93CF47}.Release|Any CPU.Build.0 = Release|Any CPU
		{9903CF05-D0B9-465C-A89D-83C6545D43D2}.Debug|Any CPU.ActiveCfg = Debug|Any CPU
		{9903CF05-D0B9-465C-A89D-83C6545D43D2}.Debug|Any CPU.Build.0 = Debug|Any CPU
		{9903CF05-D0B9-465C-A89D-83C6545D43D2}.Release|Any CPU.ActiveCfg = Release|Any CPU
		{9903CF05-D0B9-465C-A89D-83C6545D43D2}.Release|Any CPU.Build.0 = Release|Any CPU
		{547A04FA-E524-4510-B584-322A9E6E3994}.Debug|Any CPU.ActiveCfg = Debug|Any CPU
		{547A04FA-E524-4510-B584-322A9E6E3994}.Debug|Any CPU.Build.0 = Debug|Any CPU
		{547A04FA-E524-4510-B584-322A9E6E3994}.Release|Any CPU.ActiveCfg = Release|Any CPU
		{547A04FA-E524-4510-B584-322A9E6E3994}.Release|Any CPU.Build.0 = Release|Any CPU
		{38400161-DCD6-4A30-9F30-842378831A69}.Debug|Any CPU.ActiveCfg = Debug|Any CPU
		{38400161-DCD6-4A30-9F30-842378831A69}.Debug|Any CPU.Build.0 = Debug|Any CPU
		{38400161-DCD6-4A30-9F30-842378831A69}.Release|Any CPU.ActiveCfg = Release|Any CPU
		{38400161-DCD6-4A30-9F30-842378831A69}.Release|Any CPU.Build.0 = Release|Any CPU
		{4C32AC85-9515-4CA6-8557-F6E3762E7F59}.Debug|Any CPU.ActiveCfg = Debug|Any CPU
		{4C32AC85-9515-4CA6-8557-F6E3762E7F59}.Debug|Any CPU.Build.0 = Debug|Any CPU
		{4C32AC85-9515-4CA6-8557-F6E3762E7F59}.Release|Any CPU.ActiveCfg = Release|Any CPU
		{4C32AC85-9515-4CA6-8557-F6E3762E7F59}.Release|Any CPU.Build.0 = Release|Any CPU
		{34151544-2EB5-45AF-B54D-F2060635789A}.Debug|Any CPU.ActiveCfg = Debug|Any CPU
		{34151544-2EB5-45AF-B54D-F2060635789A}.Debug|Any CPU.Build.0 = Debug|Any CPU
		{34151544-2EB5-45AF-B54D-F2060635789A}.Release|Any CPU.ActiveCfg = Release|Any CPU
		{34151544-2EB5-45AF-B54D-F2060635789A}.Release|Any CPU.Build.0 = Release|Any CPU
		{5C2E6AE7-9484-403D-B51A-927BF1EEB0DE}.Debug|Any CPU.ActiveCfg = Debug|Any CPU
		{5C2E6AE7-9484-403D-B51A-927BF1EEB0DE}.Debug|Any CPU.Build.0 = Debug|Any CPU
		{5C2E6AE7-9484-403D-B51A-927BF1EEB0DE}.Release|Any CPU.ActiveCfg = Release|Any CPU
		{5C2E6AE7-9484-403D-B51A-927BF1EEB0DE}.Release|Any CPU.Build.0 = Release|Any CPU
	EndGlobalSection
	GlobalSection(SolutionProperties) = preSolution
		HideSolutionNode = FALSE
	EndGlobalSection
	GlobalSection(ExtensibilityGlobals) = postSolution
		SolutionGuid = {DE982378-74E0-442D-90DB-F44FF6236107}
	EndGlobalSection
EndGlobal
