
Microsoft Visual Studio Solution File, Format Version 12.00
# Visual Studio 15
VisualStudioVersion = 15.0.28307.168
MinimumVisualStudioVersion = 10.0.40219.1
Project("{FAE04EC0-301F-11D3-BF4B-00C04F79EFBC}") = "P01.ListyIterator", "P01.ListyIterator\P01.ListyIterator.csproj", "{824622BC-CAE2-49C2-A750-055EB0AA9CFE}"
EndProject
Global
	GlobalSection(SolutionConfigurationPlatforms) = preSolution
		Debug|Any CPU = Debug|Any CPU
		Release|Any CPU = Release|Any CPU
	EndGlobalSection
	GlobalSection(ProjectConfigurationPlatforms) = postSolution
		{824622BC-CAE2-49C2-A750-055EB0AA9CFE}.Debug|Any CPU.ActiveCfg = Debug|Any CPU
		{824622BC-CAE2-49C2-A750-055EB0AA9CFE}.Debug|Any CPU.Build.0 = Debug|Any CPU
		{824622BC-CAE2-49C2-A750-055EB0AA9CFE}.Release|Any CPU.ActiveCfg = Release|Any CPU
		{824622BC-CAE2-49C2-A750-055EB0AA9CFE}.Release|Any CPU.Build.0 = Release|Any CPU
	EndGlobalSection
	GlobalSection(SolutionProperties) = preSolution
		HideSolutionNode = FALSE
	EndGlobalSection
	GlobalSection(ExtensibilityGlobals) = postSolution
		SolutionGuid = {A7373704-4FF8-4DC7-9D8E-F8FC310191B2}
	EndGlobalSection
EndGlobal
