
Microsoft Visual Studio Solution File, Format Version 12.00
# Visual Studio 15
VisualStudioVersion = 15.0.28307.168
MinimumVisualStudioVersion = 10.0.40219.1
Project("{9A19103F-16F7-4668-BE54-9A1E7A4F7556}") = "P01.Car", "P01.Car\P01.Car.csproj", "{FF29927B-6362-41C3-8A40-7113E5425C39}"
EndProject
Project("{FAE04EC0-301F-11D3-BF4B-00C04F79EFBC}") = "P02.CarExtension", "P02.CarExtension\P02.CarExtension.csproj", "{B35B8D08-90F2-4669-9ED0-228AB6FDD190}"
EndProject
Project("{FAE04EC0-301F-11D3-BF4B-00C04F79EFBC}") = "P03.CarConstructors", "P03.CarConstructors\P03.CarConstructors.csproj", "{351A1748-BA8C-4F7D-9BAE-EC55FB07FA4A}"
EndProject
Project("{FAE04EC0-301F-11D3-BF4B-00C04F79EFBC}") = "P04.CarEngineAndTires", "P04.CarEngineAndTires\P04.CarEngineAndTires.csproj", "{44183255-BBF5-4F41-8AA0-B398551115EE}"
EndProject
Project("{FAE04EC0-301F-11D3-BF4B-00C04F79EFBC}") = "P05.SpecialCars", "P05.SpecialCars\P05.SpecialCars.csproj", "{E222B3FE-330C-499A-AA4C-F833A0D09017}"
EndProject
Global
	GlobalSection(SolutionConfigurationPlatforms) = preSolution
		Debug|Any CPU = Debug|Any CPU
		Release|Any CPU = Release|Any CPU
	EndGlobalSection
	GlobalSection(ProjectConfigurationPlatforms) = postSolution
		{FF29927B-6362-41C3-8A40-7113E5425C39}.Debug|Any CPU.ActiveCfg = Debug|Any CPU
		{FF29927B-6362-41C3-8A40-7113E5425C39}.Debug|Any CPU.Build.0 = Debug|Any CPU
		{FF29927B-6362-41C3-8A40-7113E5425C39}.Release|Any CPU.ActiveCfg = Release|Any CPU
		{FF29927B-6362-41C3-8A40-7113E5425C39}.Release|Any CPU.Build.0 = Release|Any CPU
		{B35B8D08-90F2-4669-9ED0-228AB6FDD190}.Debug|Any CPU.ActiveCfg = Debug|Any CPU
		{B35B8D08-90F2-4669-9ED0-228AB6FDD190}.Debug|Any CPU.Build.0 = Debug|Any CPU
		{B35B8D08-90F2-4669-9ED0-228AB6FDD190}.Release|Any CPU.ActiveCfg = Release|Any CPU
		{B35B8D08-90F2-4669-9ED0-228AB6FDD190}.Release|Any CPU.Build.0 = Release|Any CPU
		{351A1748-BA8C-4F7D-9BAE-EC55FB07FA4A}.Debug|Any CPU.ActiveCfg = Debug|Any CPU
		{351A1748-BA8C-4F7D-9BAE-EC55FB07FA4A}.Debug|Any CPU.Build.0 = Debug|Any CPU
		{351A1748-BA8C-4F7D-9BAE-EC55FB07FA4A}.Release|Any CPU.ActiveCfg = Release|Any CPU
		{351A1748-BA8C-4F7D-9BAE-EC55FB07FA4A}.Release|Any CPU.Build.0 = Release|Any CPU
		{44183255-BBF5-4F41-8AA0-B398551115EE}.Debug|Any CPU.ActiveCfg = Debug|Any CPU
		{44183255-BBF5-4F41-8AA0-B398551115EE}.Debug|Any CPU.Build.0 = Debug|Any CPU
		{44183255-BBF5-4F41-8AA0-B398551115EE}.Release|Any CPU.ActiveCfg = Release|Any CPU
		{44183255-BBF5-4F41-8AA0-B398551115EE}.Release|Any CPU.Build.0 = Release|Any CPU
		{E222B3FE-330C-499A-AA4C-F833A0D09017}.Debug|Any CPU.ActiveCfg = Debug|Any CPU
		{E222B3FE-330C-499A-AA4C-F833A0D09017}.Debug|Any CPU.Build.0 = Debug|Any CPU
		{E222B3FE-330C-499A-AA4C-F833A0D09017}.Release|Any CPU.ActiveCfg = Release|Any CPU
		{E222B3FE-330C-499A-AA4C-F833A0D09017}.Release|Any CPU.Build.0 = Release|Any CPU
	EndGlobalSection
	GlobalSection(SolutionProperties) = preSolution
		HideSolutionNode = FALSE
	EndGlobalSection
	GlobalSection(ExtensibilityGlobals) = postSolution
		SolutionGuid = {79D7126D-632E-4542-9C24-13BD2093B00B}
	EndGlobalSection
EndGlobal
