
Microsoft Visual Studio Solution File, Format Version 12.00
# Visual Studio 15
VisualStudioVersion = 15.0.28307.168
MinimumVisualStudioVersion = 10.0.40219.1
Project("{FAE04EC0-301F-11D3-BF4B-00C04F79EFBC}") = "P01.Car", "P01.Car\P01.Car.csproj", "{FF29927B-6362-41C3-8A40-7113E5425C39}"
EndProject
Global
	GlobalSection(SolutionConfigurationPlatforms) = preSolution
		Debug|Any CPU = Debug|Any CPU
		Release|Any CPU = Release|Any CPU
	EndGlobalSection
	GlobalSection(ProjectConfigurationPlatforms) = postSolution
		{FF29927B-6362-41C3-8A40-7113E5425C39}.Debug|Any CPU.ActiveCfg = Debug|Any CPU
		{FF29927B-6362-41C3-8A40-7113E5425C39}.Debug|Any CPU.Build.0 = Debug|Any CPU
		{FF29927B-6362-41C3-8A40-7113E5425C39}.Release|Any CPU.ActiveCfg = Release|Any CPU
		{FF29927B-6362-41C3-8A40-7113E5425C39}.Release|Any CPU.Build.0 = Release|Any CPU
	EndGlobalSection
	GlobalSection(SolutionProperties) = preSolution
		HideSolutionNode = FALSE
	EndGlobalSection
	GlobalSection(ExtensibilityGlobals) = postSolution
		SolutionGuid = {79D7126D-632E-4542-9C24-13BD2093B00B}
	EndGlobalSection
EndGlobal
