
Microsoft Visual Studio Solution File, Format Version 12.00
# Visual Studio 15
VisualStudioVersion = 15.0.28307.168
MinimumVisualStudioVersion = 10.0.40219.1
Project("{9A19103F-16F7-4668-BE54-9A1E7A4F7556}") = "P01.Library", "P01.Library\P01.Library.csproj", "{C649F57F-B583-4906-94ED-7688C6DD6820}"
EndProject
Project("{FAE04EC0-301F-11D3-BF4B-00C04F79EFBC}") = "P02.LibraryIterator", "P02.LibraryIterator\P02.LibraryIterator.csproj", "{D78A119D-44AF-413F-8A2E-B311AC487D0A}"
EndProject
Global
	GlobalSection(SolutionConfigurationPlatforms) = preSolution
		Debug|Any CPU = Debug|Any CPU
		Release|Any CPU = Release|Any CPU
	EndGlobalSection
	GlobalSection(ProjectConfigurationPlatforms) = postSolution
		{C649F57F-B583-4906-94ED-7688C6DD6820}.Debug|Any CPU.ActiveCfg = Debug|Any CPU
		{C649F57F-B583-4906-94ED-7688C6DD6820}.Debug|Any CPU.Build.0 = Debug|Any CPU
		{C649F57F-B583-4906-94ED-7688C6DD6820}.Release|Any CPU.ActiveCfg = Release|Any CPU
		{C649F57F-B583-4906-94ED-7688C6DD6820}.Release|Any CPU.Build.0 = Release|Any CPU
		{D78A119D-44AF-413F-8A2E-B311AC487D0A}.Debug|Any CPU.ActiveCfg = Debug|Any CPU
		{D78A119D-44AF-413F-8A2E-B311AC487D0A}.Debug|Any CPU.Build.0 = Debug|Any CPU
		{D78A119D-44AF-413F-8A2E-B311AC487D0A}.Release|Any CPU.ActiveCfg = Release|Any CPU
		{D78A119D-44AF-413F-8A2E-B311AC487D0A}.Release|Any CPU.Build.0 = Release|Any CPU
	EndGlobalSection
	GlobalSection(SolutionProperties) = preSolution
		HideSolutionNode = FALSE
	EndGlobalSection
	GlobalSection(ExtensibilityGlobals) = postSolution
		SolutionGuid = {2425C4F0-4519-408C-BC55-20FBE972A8AB}
	EndGlobalSection
EndGlobal
