
Microsoft Visual Studio Solution File, Format Version 12.00
# Visual Studio 15
VisualStudioVersion = 15.0.28307.168
MinimumVisualStudioVersion = 10.0.40219.1
Project("{9A19103F-16F7-4668-BE54-9A1E7A4F7556}") = "P01.ActionPrint", "P01.ActionPrint\P01.ActionPrint.csproj", "{7E7621B9-A7AE-44F4-917B-8E38E71489D9}"
EndProject
Project("{9A19103F-16F7-4668-BE54-9A1E7A4F7556}") = "P02.KnightsOfHonor", "P02.KnightsOfHonor\P02.KnightsOfHonor.csproj", "{37958076-19DD-4F59-9C20-EE9E239F2F1F}"
EndProject
Project("{9A19103F-16F7-4668-BE54-9A1E7A4F7556}") = "P03.CustomMinFunction", "P03.CustomMinFunction\P03.CustomMinFunction.csproj", "{FC905795-D0D1-41C6-9341-0717A298BB3F}"
EndProject
Project("{FAE04EC0-301F-11D3-BF4B-00C04F79EFBC}") = "P04.FindEvensOrOdds", "P04.FindEvensOrOdds\P04.FindEvensOrOdds.csproj", "{3A8E8521-B446-44A1-A152-C999E05136C2}"
EndProject
Project("{FAE04EC0-301F-11D3-BF4B-00C04F79EFBC}") = "P05.AppliedArithmetics", "P05.AppliedArithmetics\P05.AppliedArithmetics.csproj", "{34ACA3A4-AC5B-4868-BAAA-CA443206A92F}"
EndProject
Global
	GlobalSection(SolutionConfigurationPlatforms) = preSolution
		Debug|Any CPU = Debug|Any CPU
		Release|Any CPU = Release|Any CPU
	EndGlobalSection
	GlobalSection(ProjectConfigurationPlatforms) = postSolution
		{7E7621B9-A7AE-44F4-917B-8E38E71489D9}.Debug|Any CPU.ActiveCfg = Debug|Any CPU
		{7E7621B9-A7AE-44F4-917B-8E38E71489D9}.Debug|Any CPU.Build.0 = Debug|Any CPU
		{7E7621B9-A7AE-44F4-917B-8E38E71489D9}.Release|Any CPU.ActiveCfg = Release|Any CPU
		{7E7621B9-A7AE-44F4-917B-8E38E71489D9}.Release|Any CPU.Build.0 = Release|Any CPU
		{37958076-19DD-4F59-9C20-EE9E239F2F1F}.Debug|Any CPU.ActiveCfg = Debug|Any CPU
		{37958076-19DD-4F59-9C20-EE9E239F2F1F}.Debug|Any CPU.Build.0 = Debug|Any CPU
		{37958076-19DD-4F59-9C20-EE9E239F2F1F}.Release|Any CPU.ActiveCfg = Release|Any CPU
		{37958076-19DD-4F59-9C20-EE9E239F2F1F}.Release|Any CPU.Build.0 = Release|Any CPU
		{FC905795-D0D1-41C6-9341-0717A298BB3F}.Debug|Any CPU.ActiveCfg = Debug|Any CPU
		{FC905795-D0D1-41C6-9341-0717A298BB3F}.Debug|Any CPU.Build.0 = Debug|Any CPU
		{FC905795-D0D1-41C6-9341-0717A298BB3F}.Release|Any CPU.ActiveCfg = Release|Any CPU
		{FC905795-D0D1-41C6-9341-0717A298BB3F}.Release|Any CPU.Build.0 = Release|Any CPU
		{3A8E8521-B446-44A1-A152-C999E05136C2}.Debug|Any CPU.ActiveCfg = Debug|Any CPU
		{3A8E8521-B446-44A1-A152-C999E05136C2}.Debug|Any CPU.Build.0 = Debug|Any CPU
		{3A8E8521-B446-44A1-A152-C999E05136C2}.Release|Any CPU.ActiveCfg = Release|Any CPU
		{3A8E8521-B446-44A1-A152-C999E05136C2}.Release|Any CPU.Build.0 = Release|Any CPU
		{34ACA3A4-AC5B-4868-BAAA-CA443206A92F}.Debug|Any CPU.ActiveCfg = Debug|Any CPU
		{34ACA3A4-AC5B-4868-BAAA-CA443206A92F}.Debug|Any CPU.Build.0 = Debug|Any CPU
		{34ACA3A4-AC5B-4868-BAAA-CA443206A92F}.Release|Any CPU.ActiveCfg = Release|Any CPU
		{34ACA3A4-AC5B-4868-BAAA-CA443206A92F}.Release|Any CPU.Build.0 = Release|Any CPU
	EndGlobalSection
	GlobalSection(SolutionProperties) = preSolution
		HideSolutionNode = FALSE
	EndGlobalSection
	GlobalSection(ExtensibilityGlobals) = postSolution
		SolutionGuid = {4C9D24F5-3525-40F2-B1D3-E01B2E874C71}
	EndGlobalSection
EndGlobal
