
Microsoft Visual Studio Solution File, Format Version 12.00
# Visual Studio 15
VisualStudioVersion = 15.0.28307.168
MinimumVisualStudioVersion = 10.0.40219.1
Project("{FAE04EC0-301F-11D3-BF4B-00C04F79EFBC}") = "P01.ActionPrint", "P01.ActionPrint\P01.ActionPrint.csproj", "{7E7621B9-A7AE-44F4-917B-8E38E71489D9}"
EndProject
Global
	GlobalSection(SolutionConfigurationPlatforms) = preSolution
		Debug|Any CPU = Debug|Any CPU
		Release|Any CPU = Release|Any CPU
	EndGlobalSection
	GlobalSection(ProjectConfigurationPlatforms) = postSolution
		{7E7621B9-A7AE-44F4-917B-8E38E71489D9}.Debug|Any CPU.ActiveCfg = Debug|Any CPU
		{7E7621B9-A7AE-44F4-917B-8E38E71489D9}.Debug|Any CPU.Build.0 = Debug|Any CPU
		{7E7621B9-A7AE-44F4-917B-8E38E71489D9}.Release|Any CPU.ActiveCfg = Release|Any CPU
		{7E7621B9-A7AE-44F4-917B-8E38E71489D9}.Release|Any CPU.Build.0 = Release|Any CPU
	EndGlobalSection
	GlobalSection(SolutionProperties) = preSolution
		HideSolutionNode = FALSE
	EndGlobalSection
	GlobalSection(ExtensibilityGlobals) = postSolution
		SolutionGuid = {4C9D24F5-3525-40F2-B1D3-E01B2E874C71}
	EndGlobalSection
EndGlobal
