
Microsoft Visual Studio Solution File, Format Version 12.00
# Visual Studio 15
VisualStudioVersion = 15.0.28307.168
MinimumVisualStudioVersion = 10.0.40219.1
Project("{9A19103F-16F7-4668-BE54-9A1E7A4F7556}") = "P01.ActionPrint", "P01.ActionPrint\P01.ActionPrint.csproj", "{7E7621B9-A7AE-44F4-917B-8E38E71489D9}"
EndProject
Project("{9A19103F-16F7-4668-BE54-9A1E7A4F7556}") = "P02.KnightsOfHonor", "P02.KnightsOfHonor\P02.KnightsOfHonor.csproj", "{37958076-19DD-4F59-9C20-EE9E239F2F1F}"
EndProject
Project("{9A19103F-16F7-4668-BE54-9A1E7A4F7556}") = "P03.CustomMinFunction", "P03.CustomMinFunction\P03.CustomMinFunction.csproj", "{FC905795-D0D1-41C6-9341-0717A298BB3F}"
EndProject
Project("{9A19103F-16F7-4668-BE54-9A1E7A4F7556}") = "P04.FindEvensOrOdds", "P04.FindEvensOrOdds\P04.FindEvensOrOdds.csproj", "{3A8E8521-B446-44A1-A152-C999E05136C2}"
EndProject
Project("{9A19103F-16F7-4668-BE54-9A1E7A4F7556}") = "P05.AppliedArithmetics", "P05.AppliedArithmetics\P05.AppliedArithmetics.csproj", "{34ACA3A4-AC5B-4868-BAAA-CA443206A92F}"
EndProject
Project("{9A19103F-16F7-4668-BE54-9A1E7A4F7556}") = "P06.ReverseAndExclude", "P06.ReverseAndExclude\P06.ReverseAndExclude.csproj", "{716075CC-727F-4A37-9CF8-4412F5EB169B}"
EndProject
Project("{9A19103F-16F7-4668-BE54-9A1E7A4F7556}") = "P07.PredicateForNames", "P07.PredicateForNames\P07.PredicateForNames.csproj", "{090BDB74-F72F-437C-9CDD-BBAC6E3BB682}"
EndProject
Project("{9A19103F-16F7-4668-BE54-9A1E7A4F7556}") = "P08.CustomComparator", "P08.CustomComparator\P08.CustomComparator.csproj", "{B5C9C3B3-4A87-40BB-A4DB-2D5D6CFF7F8D}"
EndProject
Project("{9A19103F-16F7-4668-BE54-9A1E7A4F7556}") = "P09.ListOfPredicates", "P09.ListOfPredicates\P09.ListOfPredicates.csproj", "{44BA0630-4F6A-4A5A-B8C3-4A351C5DE6B4}"
EndProject
Project("{FAE04EC0-301F-11D3-BF4B-00C04F79EFBC}") = "P10.PredicateParty!", "P10.PredicateParty!\P10.PredicateParty!.csproj", "{223D3377-DCE4-475A-951C-54A5BEF0244F}"
EndProject
Project("{FAE04EC0-301F-11D3-BF4B-00C04F79EFBC}") = "P11.PartyReservationFilterModule", "P11.PartyReservationFilterModule\P11.PartyReservationFilterModule.csproj", "{0B1C58F0-37CC-4D93-92D2-36C360C93956}"
EndProject
Project("{FAE04EC0-301F-11D3-BF4B-00C04F79EFBC}") = "P12.InfernoIII", "P12.InfernoIII\P12.InfernoIII.csproj", "{F0025BDC-680A-491F-94D9-26EC2C367E30}"
EndProject
Project("{FAE04EC0-301F-11D3-BF4B-00C04F79EFBC}") = "P13.TriFunction", "P13.TriFunction\P13.TriFunction.csproj", "{807DD20F-E9FC-4CCD-8A0E-BB9D53BCA039}"
EndProject
Global
	GlobalSection(SolutionConfigurationPlatforms) = preSolution
		Debug|Any CPU = Debug|Any CPU
		Release|Any CPU = Release|Any CPU
	EndGlobalSection
	GlobalSection(ProjectConfigurationPlatforms) = postSolution
		{7E7621B9-A7AE-44F4-917B-8E38E71489D9}.Debug|Any CPU.ActiveCfg = Debug|Any CPU
		{7E7621B9-A7AE-44F4-917B-8E38E71489D9}.Debug|Any CPU.Build.0 = Debug|Any CPU
		{7E7621B9-A7AE-44F4-917B-8E38E71489D9}.Release|Any CPU.ActiveCfg = Release|Any CPU
		{7E7621B9-A7AE-44F4-917B-8E38E71489D9}.Release|Any CPU.Build.0 = Release|Any CPU
		{37958076-19DD-4F59-9C20-EE9E239F2F1F}.Debug|Any CPU.ActiveCfg = Debug|Any CPU
		{37958076-19DD-4F59-9C20-EE9E239F2F1F}.Debug|Any CPU.Build.0 = Debug|Any CPU
		{37958076-19DD-4F59-9C20-EE9E239F2F1F}.Release|Any CPU.ActiveCfg = Release|Any CPU
		{37958076-19DD-4F59-9C20-EE9E239F2F1F}.Release|Any CPU.Build.0 = Release|Any CPU
		{FC905795-D0D1-41C6-9341-0717A298BB3F}.Debug|Any CPU.ActiveCfg = Debug|Any CPU
		{FC905795-D0D1-41C6-9341-0717A298BB3F}.Debug|Any CPU.Build.0 = Debug|Any CPU
		{FC905795-D0D1-41C6-9341-0717A298BB3F}.Release|Any CPU.ActiveCfg = Release|Any CPU
		{FC905795-D0D1-41C6-9341-0717A298BB3F}.Release|Any CPU.Build.0 = Release|Any CPU
		{3A8E8521-B446-44A1-A152-C999E05136C2}.Debug|Any CPU.ActiveCfg = Debug|Any CPU
		{3A8E8521-B446-44A1-A152-C999E05136C2}.Debug|Any CPU.Build.0 = Debug|Any CPU
		{3A8E8521-B446-44A1-A152-C999E05136C2}.Release|Any CPU.ActiveCfg = Release|Any CPU
		{3A8E8521-B446-44A1-A152-C999E05136C2}.Release|Any CPU.Build.0 = Release|Any CPU
		{34ACA3A4-AC5B-4868-BAAA-CA443206A92F}.Debug|Any CPU.ActiveCfg = Debug|Any CPU
		{34ACA3A4-AC5B-4868-BAAA-CA443206A92F}.Debug|Any CPU.Build.0 = Debug|Any CPU
		{34ACA3A4-AC5B-4868-BAAA-CA443206A92F}.Release|Any CPU.ActiveCfg = Release|Any CPU
		{34ACA3A4-AC5B-4868-BAAA-CA443206A92F}.Release|Any CPU.Build.0 = Release|Any CPU
		{716075CC-727F-4A37-9CF8-4412F5EB169B}.Debug|Any CPU.ActiveCfg = Debug|Any CPU
		{716075CC-727F-4A37-9CF8-4412F5EB169B}.Debug|Any CPU.Build.0 = Debug|Any CPU
		{716075CC-727F-4A37-9CF8-4412F5EB169B}.Release|Any CPU.ActiveCfg = Release|Any CPU
		{716075CC-727F-4A37-9CF8-4412F5EB169B}.Release|Any CPU.Build.0 = Release|Any CPU
		{090BDB74-F72F-437C-9CDD-BBAC6E3BB682}.Debug|Any CPU.ActiveCfg = Debug|Any CPU
		{090BDB74-F72F-437C-9CDD-BBAC6E3BB682}.Debug|Any CPU.Build.0 = Debug|Any CPU
		{090BDB74-F72F-437C-9CDD-BBAC6E3BB682}.Release|Any CPU.ActiveCfg = Release|Any CPU
		{090BDB74-F72F-437C-9CDD-BBAC6E3BB682}.Release|Any CPU.Build.0 = Release|Any CPU
		{B5C9C3B3-4A87-40BB-A4DB-2D5D6CFF7F8D}.Debug|Any CPU.ActiveCfg = Debug|Any CPU
		{B5C9C3B3-4A87-40BB-A4DB-2D5D6CFF7F8D}.Debug|Any CPU.Build.0 = Debug|Any CPU
		{B5C9C3B3-4A87-40BB-A4DB-2D5D6CFF7F8D}.Release|Any CPU.ActiveCfg = Release|Any CPU
		{B5C9C3B3-4A87-40BB-A4DB-2D5D6CFF7F8D}.Release|Any CPU.Build.0 = Release|Any CPU
		{44BA0630-4F6A-4A5A-B8C3-4A351C5DE6B4}.Debug|Any CPU.ActiveCfg = Debug|Any CPU
		{44BA0630-4F6A-4A5A-B8C3-4A351C5DE6B4}.Debug|Any CPU.Build.0 = Debug|Any CPU
		{44BA0630-4F6A-4A5A-B8C3-4A351C5DE6B4}.Release|Any CPU.ActiveCfg = Release|Any CPU
		{44BA0630-4F6A-4A5A-B8C3-4A351C5DE6B4}.Release|Any CPU.Build.0 = Release|Any CPU
		{223D3377-DCE4-475A-951C-54A5BEF0244F}.Debug|Any CPU.ActiveCfg = Debug|Any CPU
		{223D3377-DCE4-475A-951C-54A5BEF0244F}.Debug|Any CPU.Build.0 = Debug|Any CPU
		{223D3377-DCE4-475A-951C-54A5BEF0244F}.Release|Any CPU.ActiveCfg = Release|Any CPU
		{223D3377-DCE4-475A-951C-54A5BEF0244F}.Release|Any CPU.Build.0 = Release|Any CPU
		{0B1C58F0-37CC-4D93-92D2-36C360C93956}.Debug|Any CPU.ActiveCfg = Debug|Any CPU
		{0B1C58F0-37CC-4D93-92D2-36C360C93956}.Debug|Any CPU.Build.0 = Debug|Any CPU
		{0B1C58F0-37CC-4D93-92D2-36C360C93956}.Release|Any CPU.ActiveCfg = Release|Any CPU
		{0B1C58F0-37CC-4D93-92D2-36C360C93956}.Release|Any CPU.Build.0 = Release|Any CPU
		{F0025BDC-680A-491F-94D9-26EC2C367E30}.Debug|Any CPU.ActiveCfg = Debug|Any CPU
		{F0025BDC-680A-491F-94D9-26EC2C367E30}.Debug|Any CPU.Build.0 = Debug|Any CPU
		{F0025BDC-680A-491F-94D9-26EC2C367E30}.Release|Any CPU.ActiveCfg = Release|Any CPU
		{F0025BDC-680A-491F-94D9-26EC2C367E30}.Release|Any CPU.Build.0 = Release|Any CPU
		{807DD20F-E9FC-4CCD-8A0E-BB9D53BCA039}.Debug|Any CPU.ActiveCfg = Debug|Any CPU
		{807DD20F-E9FC-4CCD-8A0E-BB9D53BCA039}.Debug|Any CPU.Build.0 = Debug|Any CPU
		{807DD20F-E9FC-4CCD-8A0E-BB9D53BCA039}.Release|Any CPU.ActiveCfg = Release|Any CPU
		{807DD20F-E9FC-4CCD-8A0E-BB9D53BCA039}.Release|Any CPU.Build.0 = Release|Any CPU
	EndGlobalSection
	GlobalSection(SolutionProperties) = preSolution
		HideSolutionNode = FALSE
	EndGlobalSection
	GlobalSection(ExtensibilityGlobals) = postSolution
		SolutionGuid = {4C9D24F5-3525-40F2-B1D3-E01B2E874C71}
	EndGlobalSection
EndGlobal
