
Microsoft Visual Studio Solution File, Format Version 12.00
# Visual Studio 15
VisualStudioVersion = 15.0.28307.168
MinimumVisualStudioVersion = 10.0.40219.1
Project("{9A19103F-16F7-4668-BE54-9A1E7A4F7556}") = "P01.EvenLines", "P01.EvenLines\P01.EvenLines.csproj", "{06DFA8E0-637F-4339-A7E0-6D2952AFF586}"
EndProject
Project("{FAE04EC0-301F-11D3-BF4B-00C04F79EFBC}") = "P02.LineNumbers", "P02.LineNumbers\P02.LineNumbers.csproj", "{2B85EC1E-E74B-4DCA-909A-5B8D48355AEA}"
EndProject
Project("{FAE04EC0-301F-11D3-BF4B-00C04F79EFBC}") = "P03.WordCount", "P03.WordCount\P03.WordCount.csproj", "{BA6A91F0-CE45-43C8-9478-76D4F6086CD7}"
EndProject
Project("{FAE04EC0-301F-11D3-BF4B-00C04F79EFBC}") = "P04.CopyBinaryFile", "P04.CopyBinaryFile\P04.CopyBinaryFile.csproj", "{628DFCC6-33F6-4215-90A3-5F7F956A20F9}"
EndProject
Project("{FAE04EC0-301F-11D3-BF4B-00C04F79EFBC}") = "P05.DirectoryTraversal", "P05.DirectoryTraversal\P05.DirectoryTraversal.csproj", "{63997E0F-169B-4073-B04E-B6BE753EB3FA}"
EndProject
Project("{FAE04EC0-301F-11D3-BF4B-00C04F79EFBC}") = "P06.FullDirectoryTraversal", "P06.FullDirectoryTraversal\P06.FullDirectoryTraversal.csproj", "{C406616E-9B98-47DB-B52B-2C234706C618}"
EndProject
Global
	GlobalSection(SolutionConfigurationPlatforms) = preSolution
		Debug|Any CPU = Debug|Any CPU
		Release|Any CPU = Release|Any CPU
	EndGlobalSection
	GlobalSection(ProjectConfigurationPlatforms) = postSolution
		{06DFA8E0-637F-4339-A7E0-6D2952AFF586}.Debug|Any CPU.ActiveCfg = Debug|Any CPU
		{06DFA8E0-637F-4339-A7E0-6D2952AFF586}.Debug|Any CPU.Build.0 = Debug|Any CPU
		{06DFA8E0-637F-4339-A7E0-6D2952AFF586}.Release|Any CPU.ActiveCfg = Release|Any CPU
		{06DFA8E0-637F-4339-A7E0-6D2952AFF586}.Release|Any CPU.Build.0 = Release|Any CPU
		{2B85EC1E-E74B-4DCA-909A-5B8D48355AEA}.Debug|Any CPU.ActiveCfg = Debug|Any CPU
		{2B85EC1E-E74B-4DCA-909A-5B8D48355AEA}.Debug|Any CPU.Build.0 = Debug|Any CPU
		{2B85EC1E-E74B-4DCA-909A-5B8D48355AEA}.Release|Any CPU.ActiveCfg = Release|Any CPU
		{2B85EC1E-E74B-4DCA-909A-5B8D48355AEA}.Release|Any CPU.Build.0 = Release|Any CPU
		{BA6A91F0-CE45-43C8-9478-76D4F6086CD7}.Debug|Any CPU.ActiveCfg = Debug|Any CPU
		{BA6A91F0-CE45-43C8-9478-76D4F6086CD7}.Debug|Any CPU.Build.0 = Debug|Any CPU
		{BA6A91F0-CE45-43C8-9478-76D4F6086CD7}.Release|Any CPU.ActiveCfg = Release|Any CPU
		{BA6A91F0-CE45-43C8-9478-76D4F6086CD7}.Release|Any CPU.Build.0 = Release|Any CPU
		{628DFCC6-33F6-4215-90A3-5F7F956A20F9}.Debug|Any CPU.ActiveCfg = Debug|Any CPU
		{628DFCC6-33F6-4215-90A3-5F7F956A20F9}.Debug|Any CPU.Build.0 = Debug|Any CPU
		{628DFCC6-33F6-4215-90A3-5F7F956A20F9}.Release|Any CPU.ActiveCfg = Release|Any CPU
		{628DFCC6-33F6-4215-90A3-5F7F956A20F9}.Release|Any CPU.Build.0 = Release|Any CPU
		{63997E0F-169B-4073-B04E-B6BE753EB3FA}.Debug|Any CPU.ActiveCfg = Debug|Any CPU
		{63997E0F-169B-4073-B04E-B6BE753EB3FA}.Debug|Any CPU.Build.0 = Debug|Any CPU
		{63997E0F-169B-4073-B04E-B6BE753EB3FA}.Release|Any CPU.ActiveCfg = Release|Any CPU
		{63997E0F-169B-4073-B04E-B6BE753EB3FA}.Release|Any CPU.Build.0 = Release|Any CPU
		{C406616E-9B98-47DB-B52B-2C234706C618}.Debug|Any CPU.ActiveCfg = Debug|Any CPU
		{C406616E-9B98-47DB-B52B-2C234706C618}.Debug|Any CPU.Build.0 = Debug|Any CPU
		{C406616E-9B98-47DB-B52B-2C234706C618}.Release|Any CPU.ActiveCfg = Release|Any CPU
		{C406616E-9B98-47DB-B52B-2C234706C618}.Release|Any CPU.Build.0 = Release|Any CPU
	EndGlobalSection
	GlobalSection(SolutionProperties) = preSolution
		HideSolutionNode = FALSE
	EndGlobalSection
	GlobalSection(ExtensibilityGlobals) = postSolution
		SolutionGuid = {03F49AF8-D379-4013-A8A5-9660B8369E7E}
	EndGlobalSection
EndGlobal
