
Microsoft Visual Studio Solution File, Format Version 12.00
# Visual Studio 15
VisualStudioVersion = 15.0.28307.168
MinimumVisualStudioVersion = 10.0.40219.1
Project("{9A19103F-16F7-4668-BE54-9A1E7A4F7556}") = "P01.EvenLines", "P01.EvenLines\P01.EvenLines.csproj", "{06DFA8E0-637F-4339-A7E0-6D2952AFF586}"
EndProject
Project("{FAE04EC0-301F-11D3-BF4B-00C04F79EFBC}") = "P02.LineNumbers", "P02.LineNumbers\P02.LineNumbers.csproj", "{2B85EC1E-E74B-4DCA-909A-5B8D48355AEA}"
EndProject
Global
	GlobalSection(SolutionConfigurationPlatforms) = preSolution
		Debug|Any CPU = Debug|Any CPU
		Release|Any CPU = Release|Any CPU
	EndGlobalSection
	GlobalSection(ProjectConfigurationPlatforms) = postSolution
		{06DFA8E0-637F-4339-A7E0-6D2952AFF586}.Debug|Any CPU.ActiveCfg = Debug|Any CPU
		{06DFA8E0-637F-4339-A7E0-6D2952AFF586}.Debug|Any CPU.Build.0 = Debug|Any CPU
		{06DFA8E0-637F-4339-A7E0-6D2952AFF586}.Release|Any CPU.ActiveCfg = Release|Any CPU
		{06DFA8E0-637F-4339-A7E0-6D2952AFF586}.Release|Any CPU.Build.0 = Release|Any CPU
		{2B85EC1E-E74B-4DCA-909A-5B8D48355AEA}.Debug|Any CPU.ActiveCfg = Debug|Any CPU
		{2B85EC1E-E74B-4DCA-909A-5B8D48355AEA}.Debug|Any CPU.Build.0 = Debug|Any CPU
		{2B85EC1E-E74B-4DCA-909A-5B8D48355AEA}.Release|Any CPU.ActiveCfg = Release|Any CPU
		{2B85EC1E-E74B-4DCA-909A-5B8D48355AEA}.Release|Any CPU.Build.0 = Release|Any CPU
	EndGlobalSection
	GlobalSection(SolutionProperties) = preSolution
		HideSolutionNode = FALSE
	EndGlobalSection
	GlobalSection(ExtensibilityGlobals) = postSolution
		SolutionGuid = {03F49AF8-D379-4013-A8A5-9660B8369E7E}
	EndGlobalSection
EndGlobal
