
Microsoft Visual Studio Solution File, Format Version 12.00
# Visual Studio 15
VisualStudioVersion = 15.0.28307.168
MinimumVisualStudioVersion = 10.0.40219.1
Project("{9A19103F-16F7-4668-BE54-9A1E7A4F7556}") = "P01.SortEvenNumbers", "P01.SortEvenNumbers\P01.SortEvenNumbers.csproj", "{CE61ED0E-B2AC-4B40-9023-C0E11339F9CF}"
EndProject
Global
	GlobalSection(SolutionConfigurationPlatforms) = preSolution
		Debug|Any CPU = Debug|Any CPU
		Release|Any CPU = Release|Any CPU
	EndGlobalSection
	GlobalSection(ProjectConfigurationPlatforms) = postSolution
		{CE61ED0E-B2AC-4B40-9023-C0E11339F9CF}.Debug|Any CPU.ActiveCfg = Debug|Any CPU
		{CE61ED0E-B2AC-4B40-9023-C0E11339F9CF}.Debug|Any CPU.Build.0 = Debug|Any CPU
		{CE61ED0E-B2AC-4B40-9023-C0E11339F9CF}.Release|Any CPU.ActiveCfg = Release|Any CPU
		{CE61ED0E-B2AC-4B40-9023-C0E11339F9CF}.Release|Any CPU.Build.0 = Release|Any CPU
	EndGlobalSection
	GlobalSection(SolutionProperties) = preSolution
		HideSolutionNode = FALSE
	EndGlobalSection
	GlobalSection(ExtensibilityGlobals) = postSolution
		SolutionGuid = {722F9F9D-DCC3-4DC3-A83D-260AC0972C23}
	EndGlobalSection
EndGlobal
