
Microsoft Visual Studio Solution File, Format Version 12.00
# Visual Studio 15
VisualStudioVersion = 15.0.28307.168
MinimumVisualStudioVersion = 10.0.40219.1
Project("{9A19103F-16F7-4668-BE54-9A1E7A4F7556}") = "P01.SortEvenNumbers", "P01.SortEvenNumbers\P01.SortEvenNumbers.csproj", "{CE61ED0E-B2AC-4B40-9023-C0E11339F9CF}"
EndProject
Project("{FAE04EC0-301F-11D3-BF4B-00C04F79EFBC}") = "P02.SumNumbers", "P02.SumNumbers\P02.SumNumbers.csproj", "{D926CE3B-E883-4B7D-9CE2-540CCE71072A}"
EndProject
Project("{FAE04EC0-301F-11D3-BF4B-00C04F79EFBC}") = "P03.CountUppercaseWords", "P03.CountUppercaseWords\P03.CountUppercaseWords.csproj", "{23312BCC-D85F-466C-AFDB-5EC9EA716F67}"
EndProject
Project("{FAE04EC0-301F-11D3-BF4B-00C04F79EFBC}") = "P02.SumNumbers-2", "P02.SumNumbers-2\P02.SumNumbers-2.csproj", "{F198A4E6-4E5F-4027-AEFB-7C3224E19C47}"
EndProject
Project("{FAE04EC0-301F-11D3-BF4B-00C04F79EFBC}") = "P03.CountUppercaseWords-2", "P03.CountUppercaseWords-2\P03.CountUppercaseWords-2.csproj", "{6BD36161-6E49-4C53-A04F-0990047FFD04}"
EndProject
Project("{FAE04EC0-301F-11D3-BF4B-00C04F79EFBC}") = "P04.AddVAT", "P04.AddVAT\P04.AddVAT.csproj", "{FFAD012A-A647-4B87-B5FB-15848CFEC3F9}"
EndProject
Project("{FAE04EC0-301F-11D3-BF4B-00C04F79EFBC}") = "P05.FilterByAge", "P05.FilterByAge\P05.FilterByAge.csproj", "{C4BD6158-3E89-4F7F-A39F-6E34587F1232}"
EndProject
Global
	GlobalSection(SolutionConfigurationPlatforms) = preSolution
		Debug|Any CPU = Debug|Any CPU
		Release|Any CPU = Release|Any CPU
	EndGlobalSection
	GlobalSection(ProjectConfigurationPlatforms) = postSolution
		{CE61ED0E-B2AC-4B40-9023-C0E11339F9CF}.Debug|Any CPU.ActiveCfg = Debug|Any CPU
		{CE61ED0E-B2AC-4B40-9023-C0E11339F9CF}.Debug|Any CPU.Build.0 = Debug|Any CPU
		{CE61ED0E-B2AC-4B40-9023-C0E11339F9CF}.Release|Any CPU.ActiveCfg = Release|Any CPU
		{CE61ED0E-B2AC-4B40-9023-C0E11339F9CF}.Release|Any CPU.Build.0 = Release|Any CPU
		{D926CE3B-E883-4B7D-9CE2-540CCE71072A}.Debug|Any CPU.ActiveCfg = Debug|Any CPU
		{D926CE3B-E883-4B7D-9CE2-540CCE71072A}.Debug|Any CPU.Build.0 = Debug|Any CPU
		{D926CE3B-E883-4B7D-9CE2-540CCE71072A}.Release|Any CPU.ActiveCfg = Release|Any CPU
		{D926CE3B-E883-4B7D-9CE2-540CCE71072A}.Release|Any CPU.Build.0 = Release|Any CPU
		{23312BCC-D85F-466C-AFDB-5EC9EA716F67}.Debug|Any CPU.ActiveCfg = Debug|Any CPU
		{23312BCC-D85F-466C-AFDB-5EC9EA716F67}.Debug|Any CPU.Build.0 = Debug|Any CPU
		{23312BCC-D85F-466C-AFDB-5EC9EA716F67}.Release|Any CPU.ActiveCfg = Release|Any CPU
		{23312BCC-D85F-466C-AFDB-5EC9EA716F67}.Release|Any CPU.Build.0 = Release|Any CPU
		{F198A4E6-4E5F-4027-AEFB-7C3224E19C47}.Debug|Any CPU.ActiveCfg = Debug|Any CPU
		{F198A4E6-4E5F-4027-AEFB-7C3224E19C47}.Debug|Any CPU.Build.0 = Debug|Any CPU
		{F198A4E6-4E5F-4027-AEFB-7C3224E19C47}.Release|Any CPU.ActiveCfg = Release|Any CPU
		{F198A4E6-4E5F-4027-AEFB-7C3224E19C47}.Release|Any CPU.Build.0 = Release|Any CPU
		{6BD36161-6E49-4C53-A04F-0990047FFD04}.Debug|Any CPU.ActiveCfg = Debug|Any CPU
		{6BD36161-6E49-4C53-A04F-0990047FFD04}.Debug|Any CPU.Build.0 = Debug|Any CPU
		{6BD36161-6E49-4C53-A04F-0990047FFD04}.Release|Any CPU.ActiveCfg = Release|Any CPU
		{6BD36161-6E49-4C53-A04F-0990047FFD04}.Release|Any CPU.Build.0 = Release|Any CPU
		{FFAD012A-A647-4B87-B5FB-15848CFEC3F9}.Debug|Any CPU.ActiveCfg = Debug|Any CPU
		{FFAD012A-A647-4B87-B5FB-15848CFEC3F9}.Debug|Any CPU.Build.0 = Debug|Any CPU
		{FFAD012A-A647-4B87-B5FB-15848CFEC3F9}.Release|Any CPU.ActiveCfg = Release|Any CPU
		{FFAD012A-A647-4B87-B5FB-15848CFEC3F9}.Release|Any CPU.Build.0 = Release|Any CPU
		{C4BD6158-3E89-4F7F-A39F-6E34587F1232}.Debug|Any CPU.ActiveCfg = Debug|Any CPU
		{C4BD6158-3E89-4F7F-A39F-6E34587F1232}.Debug|Any CPU.Build.0 = Debug|Any CPU
		{C4BD6158-3E89-4F7F-A39F-6E34587F1232}.Release|Any CPU.ActiveCfg = Release|Any CPU
		{C4BD6158-3E89-4F7F-A39F-6E34587F1232}.Release|Any CPU.Build.0 = Release|Any CPU
	EndGlobalSection
	GlobalSection(SolutionProperties) = preSolution
		HideSolutionNode = FALSE
	EndGlobalSection
	GlobalSection(ExtensibilityGlobals) = postSolution
		SolutionGuid = {722F9F9D-DCC3-4DC3-A83D-260AC0972C23}
	EndGlobalSection
EndGlobal
