
Microsoft Visual Studio Solution File, Format Version 12.00
# Visual Studio 15
VisualStudioVersion = 15.0.28307.168
MinimumVisualStudioVersion = 10.0.40219.1
Project("{9A19103F-16F7-4668-BE54-9A1E7A4F7556}") = "P01.MatrixOfPalindromes", "P01.MatrixOfPalindromes\P01.MatrixOfPalindromes.csproj", "{F8492A34-E04D-4F8A-999E-09CB76D159B2}"
EndProject
Project("{9A19103F-16F7-4668-BE54-9A1E7A4F7556}") = "P02.DiagonalDifference", "P02.DiagonalDifference\P02.DiagonalDifference.csproj", "{904E8AD6-73BC-4F85-8EDF-0DAC9330653F}"
EndProject
Project("{9A19103F-16F7-4668-BE54-9A1E7A4F7556}") = "P03.2x2SquaresInMatrix", "P03.2x2SquaresInMatrix\P03.2x2SquaresInMatrix.csproj", "{616E7FD1-F3A1-4607-B214-6CEBFDED4086}"
EndProject
Project("{9A19103F-16F7-4668-BE54-9A1E7A4F7556}") = "P04.MaximalSum", "P04.MaximalSum\P04.MaximalSum.csproj", "{FD72F44A-169F-449E-9E5B-859C0262773F}"
EndProject
Project("{9A19103F-16F7-4668-BE54-9A1E7A4F7556}") = "P01.DiagonalDifference", "P01.DiagonalDifference\P01.DiagonalDifference.csproj", "{8BDFCBC5-E983-4888-B6C1-5DA38EC5955F}"
EndProject
Project("{9A19103F-16F7-4668-BE54-9A1E7A4F7556}") = "P02.SquaresInMatrix", "P02.SquaresInMatrix\P02.SquaresInMatrix.csproj", "{4FF432BD-4BCA-42E2-9E29-BF72351035C3}"
EndProject
Project("{9A19103F-16F7-4668-BE54-9A1E7A4F7556}") = "P03.MaximalSum", "P03.MaximalSum\P03.MaximalSum.csproj", "{211B1CC9-8AD5-4380-AC2A-1810F5D4E081}"
EndProject
Project("{9A19103F-16F7-4668-BE54-9A1E7A4F7556}") = "P04.MatrixShuffling", "P04.MatrixShuffling\P04.MatrixShuffling.csproj", "{224D4257-72F2-480A-B0B0-F81008DB7FCF}"
EndProject
Project("{9A19103F-16F7-4668-BE54-9A1E7A4F7556}") = "P05.SnakeMoves", "P05.SnakeMoves\P05.SnakeMoves.csproj", "{DBDE6D92-0AE6-4799-B4F1-04A5471C78C8}"
EndProject
Project("{9A19103F-16F7-4668-BE54-9A1E7A4F7556}") = "P06.BombTheBasement", "P06.BombTheBasement\P06.BombTheBasement.csproj", "{D4BA2B98-0E49-4E04-BF95-EA5F59ACE4B0}"
EndProject
Project("{9A19103F-16F7-4668-BE54-9A1E7A4F7556}") = "P07.KnightGame", "P07.KnightGame\P07.KnightGame.csproj", "{54070C9C-138E-4387-BD32-B3480FB0EA40}"
EndProject
Project("{9A19103F-16F7-4668-BE54-9A1E7A4F7556}") = "P09.Miner", "P09.Miner\P09.Miner.csproj", "{ABF1AC1C-067E-436D-9FBB-6A709C2F243F}"
EndProject
Project("{9A19103F-16F7-4668-BE54-9A1E7A4F7556}") = "P10.RadioactiveMutantVampireBunnies", "P10.RadioactiveMutantVampireBunnies\P10.RadioactiveMutantVampireBunnies.csproj", "{2608A6D6-0F88-4303-95AC-9650D93AA90D}"
EndProject
Project("{FAE04EC0-301F-11D3-BF4B-00C04F79EFBC}") = "P08.Bombs", "P08.Bombs\P08.Bombs.csproj", "{31D1D73D-9A4D-4ADC-ADC9-4722560EF972}"
EndProject
Global
	GlobalSection(SolutionConfigurationPlatforms) = preSolution
		Debug|Any CPU = Debug|Any CPU
		Release|Any CPU = Release|Any CPU
	EndGlobalSection
	GlobalSection(ProjectConfigurationPlatforms) = postSolution
		{F8492A34-E04D-4F8A-999E-09CB76D159B2}.Debug|Any CPU.ActiveCfg = Debug|Any CPU
		{F8492A34-E04D-4F8A-999E-09CB76D159B2}.Debug|Any CPU.Build.0 = Debug|Any CPU
		{F8492A34-E04D-4F8A-999E-09CB76D159B2}.Release|Any CPU.ActiveCfg = Release|Any CPU
		{F8492A34-E04D-4F8A-999E-09CB76D159B2}.Release|Any CPU.Build.0 = Release|Any CPU
		{904E8AD6-73BC-4F85-8EDF-0DAC9330653F}.Debug|Any CPU.ActiveCfg = Debug|Any CPU
		{904E8AD6-73BC-4F85-8EDF-0DAC9330653F}.Debug|Any CPU.Build.0 = Debug|Any CPU
		{904E8AD6-73BC-4F85-8EDF-0DAC9330653F}.Release|Any CPU.ActiveCfg = Release|Any CPU
		{904E8AD6-73BC-4F85-8EDF-0DAC9330653F}.Release|Any CPU.Build.0 = Release|Any CPU
		{616E7FD1-F3A1-4607-B214-6CEBFDED4086}.Debug|Any CPU.ActiveCfg = Debug|Any CPU
		{616E7FD1-F3A1-4607-B214-6CEBFDED4086}.Debug|Any CPU.Build.0 = Debug|Any CPU
		{616E7FD1-F3A1-4607-B214-6CEBFDED4086}.Release|Any CPU.ActiveCfg = Release|Any CPU
		{616E7FD1-F3A1-4607-B214-6CEBFDED4086}.Release|Any CPU.Build.0 = Release|Any CPU
		{FD72F44A-169F-449E-9E5B-859C0262773F}.Debug|Any CPU.ActiveCfg = Debug|Any CPU
		{FD72F44A-169F-449E-9E5B-859C0262773F}.Debug|Any CPU.Build.0 = Debug|Any CPU
		{FD72F44A-169F-449E-9E5B-859C0262773F}.Release|Any CPU.ActiveCfg = Release|Any CPU
		{FD72F44A-169F-449E-9E5B-859C0262773F}.Release|Any CPU.Build.0 = Release|Any CPU
		{8BDFCBC5-E983-4888-B6C1-5DA38EC5955F}.Debug|Any CPU.ActiveCfg = Debug|Any CPU
		{8BDFCBC5-E983-4888-B6C1-5DA38EC5955F}.Debug|Any CPU.Build.0 = Debug|Any CPU
		{8BDFCBC5-E983-4888-B6C1-5DA38EC5955F}.Release|Any CPU.ActiveCfg = Release|Any CPU
		{8BDFCBC5-E983-4888-B6C1-5DA38EC5955F}.Release|Any CPU.Build.0 = Release|Any CPU
		{4FF432BD-4BCA-42E2-9E29-BF72351035C3}.Debug|Any CPU.ActiveCfg = Debug|Any CPU
		{4FF432BD-4BCA-42E2-9E29-BF72351035C3}.Debug|Any CPU.Build.0 = Debug|Any CPU
		{4FF432BD-4BCA-42E2-9E29-BF72351035C3}.Release|Any CPU.ActiveCfg = Release|Any CPU
		{4FF432BD-4BCA-42E2-9E29-BF72351035C3}.Release|Any CPU.Build.0 = Release|Any CPU
		{211B1CC9-8AD5-4380-AC2A-1810F5D4E081}.Debug|Any CPU.ActiveCfg = Debug|Any CPU
		{211B1CC9-8AD5-4380-AC2A-1810F5D4E081}.Debug|Any CPU.Build.0 = Debug|Any CPU
		{211B1CC9-8AD5-4380-AC2A-1810F5D4E081}.Release|Any CPU.ActiveCfg = Release|Any CPU
		{211B1CC9-8AD5-4380-AC2A-1810F5D4E081}.Release|Any CPU.Build.0 = Release|Any CPU
		{224D4257-72F2-480A-B0B0-F81008DB7FCF}.Debug|Any CPU.ActiveCfg = Debug|Any CPU
		{224D4257-72F2-480A-B0B0-F81008DB7FCF}.Debug|Any CPU.Build.0 = Debug|Any CPU
		{224D4257-72F2-480A-B0B0-F81008DB7FCF}.Release|Any CPU.ActiveCfg = Release|Any CPU
		{224D4257-72F2-480A-B0B0-F81008DB7FCF}.Release|Any CPU.Build.0 = Release|Any CPU
		{DBDE6D92-0AE6-4799-B4F1-04A5471C78C8}.Debug|Any CPU.ActiveCfg = Debug|Any CPU
		{DBDE6D92-0AE6-4799-B4F1-04A5471C78C8}.Debug|Any CPU.Build.0 = Debug|Any CPU
		{DBDE6D92-0AE6-4799-B4F1-04A5471C78C8}.Release|Any CPU.ActiveCfg = Release|Any CPU
		{DBDE6D92-0AE6-4799-B4F1-04A5471C78C8}.Release|Any CPU.Build.0 = Release|Any CPU
		{D4BA2B98-0E49-4E04-BF95-EA5F59ACE4B0}.Debug|Any CPU.ActiveCfg = Debug|Any CPU
		{D4BA2B98-0E49-4E04-BF95-EA5F59ACE4B0}.Debug|Any CPU.Build.0 = Debug|Any CPU
		{D4BA2B98-0E49-4E04-BF95-EA5F59ACE4B0}.Release|Any CPU.ActiveCfg = Release|Any CPU
		{D4BA2B98-0E49-4E04-BF95-EA5F59ACE4B0}.Release|Any CPU.Build.0 = Release|Any CPU
		{54070C9C-138E-4387-BD32-B3480FB0EA40}.Debug|Any CPU.ActiveCfg = Debug|Any CPU
		{54070C9C-138E-4387-BD32-B3480FB0EA40}.Debug|Any CPU.Build.0 = Debug|Any CPU
		{54070C9C-138E-4387-BD32-B3480FB0EA40}.Release|Any CPU.ActiveCfg = Release|Any CPU
		{54070C9C-138E-4387-BD32-B3480FB0EA40}.Release|Any CPU.Build.0 = Release|Any CPU
		{ABF1AC1C-067E-436D-9FBB-6A709C2F243F}.Debug|Any CPU.ActiveCfg = Debug|Any CPU
		{ABF1AC1C-067E-436D-9FBB-6A709C2F243F}.Debug|Any CPU.Build.0 = Debug|Any CPU
		{ABF1AC1C-067E-436D-9FBB-6A709C2F243F}.Release|Any CPU.ActiveCfg = Release|Any CPU
		{ABF1AC1C-067E-436D-9FBB-6A709C2F243F}.Release|Any CPU.Build.0 = Release|Any CPU
		{2608A6D6-0F88-4303-95AC-9650D93AA90D}.Debug|Any CPU.ActiveCfg = Debug|Any CPU
		{2608A6D6-0F88-4303-95AC-9650D93AA90D}.Debug|Any CPU.Build.0 = Debug|Any CPU
		{2608A6D6-0F88-4303-95AC-9650D93AA90D}.Release|Any CPU.ActiveCfg = Release|Any CPU
		{2608A6D6-0F88-4303-95AC-9650D93AA90D}.Release|Any CPU.Build.0 = Release|Any CPU
		{31D1D73D-9A4D-4ADC-ADC9-4722560EF972}.Debug|Any CPU.ActiveCfg = Debug|Any CPU
		{31D1D73D-9A4D-4ADC-ADC9-4722560EF972}.Debug|Any CPU.Build.0 = Debug|Any CPU
		{31D1D73D-9A4D-4ADC-ADC9-4722560EF972}.Release|Any CPU.ActiveCfg = Release|Any CPU
		{31D1D73D-9A4D-4ADC-ADC9-4722560EF972}.Release|Any CPU.Build.0 = Release|Any CPU
	EndGlobalSection
	GlobalSection(SolutionProperties) = preSolution
		HideSolutionNode = FALSE
	EndGlobalSection
	GlobalSection(ExtensibilityGlobals) = postSolution
		SolutionGuid = {070CBF05-36D6-4466-AEF8-3837F407482D}
	EndGlobalSection
EndGlobal
