
Microsoft Visual Studio Solution File, Format Version 12.00
# Visual Studio 15
VisualStudioVersion = 15.0.28307.168
MinimumVisualStudioVersion = 10.0.40219.1
Project("{FAE04EC0-301F-11D3-BF4B-00C04F79EFBC}") = "P01.GenericBoxOfString", "P01.GenericBoxOfString\P01.GenericBoxOfString.csproj", "{73208414-34D2-441B-A2DB-88B750BA8027}"
EndProject
Project("{FAE04EC0-301F-11D3-BF4B-00C04F79EFBC}") = "P02.GenericBoxOfInteger", "P02.GenericBoxOfInteger\P02.GenericBoxOfInteger.csproj", "{254DDAEE-474A-4168-BC6C-A5CB62D943D3}"
EndProject
Project("{FAE04EC0-301F-11D3-BF4B-00C04F79EFBC}") = "P03.GenericSwapMethodString", "P03.GenericSwapMethodString\P03.GenericSwapMethodString.csproj", "{3B15975B-1004-4E31-8412-3BE7C58C081D}"
EndProject
Global
	GlobalSection(SolutionConfigurationPlatforms) = preSolution
		Debug|Any CPU = Debug|Any CPU
		Release|Any CPU = Release|Any CPU
	EndGlobalSection
	GlobalSection(ProjectConfigurationPlatforms) = postSolution
		{73208414-34D2-441B-A2DB-88B750BA8027}.Debug|Any CPU.ActiveCfg = Debug|Any CPU
		{73208414-34D2-441B-A2DB-88B750BA8027}.Debug|Any CPU.Build.0 = Debug|Any CPU
		{73208414-34D2-441B-A2DB-88B750BA8027}.Release|Any CPU.ActiveCfg = Release|Any CPU
		{73208414-34D2-441B-A2DB-88B750BA8027}.Release|Any CPU.Build.0 = Release|Any CPU
		{254DDAEE-474A-4168-BC6C-A5CB62D943D3}.Debug|Any CPU.ActiveCfg = Debug|Any CPU
		{254DDAEE-474A-4168-BC6C-A5CB62D943D3}.Debug|Any CPU.Build.0 = Debug|Any CPU
		{254DDAEE-474A-4168-BC6C-A5CB62D943D3}.Release|Any CPU.ActiveCfg = Release|Any CPU
		{254DDAEE-474A-4168-BC6C-A5CB62D943D3}.Release|Any CPU.Build.0 = Release|Any CPU
		{3B15975B-1004-4E31-8412-3BE7C58C081D}.Debug|Any CPU.ActiveCfg = Debug|Any CPU
		{3B15975B-1004-4E31-8412-3BE7C58C081D}.Debug|Any CPU.Build.0 = Debug|Any CPU
		{3B15975B-1004-4E31-8412-3BE7C58C081D}.Release|Any CPU.ActiveCfg = Release|Any CPU
		{3B15975B-1004-4E31-8412-3BE7C58C081D}.Release|Any CPU.Build.0 = Release|Any CPU
	EndGlobalSection
	GlobalSection(SolutionProperties) = preSolution
		HideSolutionNode = FALSE
	EndGlobalSection
	GlobalSection(ExtensibilityGlobals) = postSolution
		SolutionGuid = {E3806F45-7F55-4534-B477-2D78C0CB598E}
	EndGlobalSection
EndGlobal
