
Microsoft Visual Studio Solution File, Format Version 12.00
# Visual Studio 15
VisualStudioVersion = 15.0.28307.168
MinimumVisualStudioVersion = 10.0.40219.1
Project("{9A19103F-16F7-4668-BE54-9A1E7A4F7556}") = "P05.HotPotato", "P05.HotPotato\P05.HotPotato.csproj", "{F0809F74-48A9-4EB4-9C70-8586039A8D1C}"
EndProject
Project("{9A19103F-16F7-4668-BE54-9A1E7A4F7556}") = "P06.TrafficJam", "P06.TrafficJam\P06.TrafficJam.csproj", "{23227B7C-5348-4F67-BA82-E1C2DA86D1CF}"
EndProject
Project("{9A19103F-16F7-4668-BE54-9A1E7A4F7556}") = "P01.ReverseStrings", "P01.ReverseStrings\P01.ReverseStrings.csproj", "{149626FE-45DD-4C34-B859-9D92D137136D}"
EndProject
Project("{9A19103F-16F7-4668-BE54-9A1E7A4F7556}") = "P02.SimpleCalculator", "P02.SimpleCalculator\P02.SimpleCalculator.csproj", "{C7CF4144-6E98-40FB-95FE-B0D0116FB239}"
EndProject
Project("{9A19103F-16F7-4668-BE54-9A1E7A4F7556}") = "P03.DecimalToBinaryConverter", "P03.DecimalToBinaryConverter\P03.DecimalToBinaryConverter.csproj", "{63D442C4-CC68-473B-BF98-5FC9E0295896}"
EndProject
Project("{9A19103F-16F7-4668-BE54-9A1E7A4F7556}") = "P04.MatchingBrackets", "P04.MatchingBrackets\P04.MatchingBrackets.csproj", "{E90141C3-07CB-47CE-ABB5-FAD214634C55}"
EndProject
Project("{9A19103F-16F7-4668-BE54-9A1E7A4F7556}") = "P01.ReverseStrings-2", "P01.ReverseStrings-2\P01.ReverseStrings-2.csproj", "{47D20E27-5581-473C-949F-B3D93850F903}"
EndProject
Project("{FAE04EC0-301F-11D3-BF4B-00C04F79EFBC}") = "P02.StackSum", "P02.StackSum\P02.StackSum.csproj", "{EB468140-6E35-499A-8F25-3E12F896EFF6}"
EndProject
Global
	GlobalSection(SolutionConfigurationPlatforms) = preSolution
		Debug|Any CPU = Debug|Any CPU
		Release|Any CPU = Release|Any CPU
	EndGlobalSection
	GlobalSection(ProjectConfigurationPlatforms) = postSolution
		{F0809F74-48A9-4EB4-9C70-8586039A8D1C}.Debug|Any CPU.ActiveCfg = Debug|Any CPU
		{F0809F74-48A9-4EB4-9C70-8586039A8D1C}.Debug|Any CPU.Build.0 = Debug|Any CPU
		{F0809F74-48A9-4EB4-9C70-8586039A8D1C}.Release|Any CPU.ActiveCfg = Release|Any CPU
		{F0809F74-48A9-4EB4-9C70-8586039A8D1C}.Release|Any CPU.Build.0 = Release|Any CPU
		{23227B7C-5348-4F67-BA82-E1C2DA86D1CF}.Debug|Any CPU.ActiveCfg = Debug|Any CPU
		{23227B7C-5348-4F67-BA82-E1C2DA86D1CF}.Debug|Any CPU.Build.0 = Debug|Any CPU
		{23227B7C-5348-4F67-BA82-E1C2DA86D1CF}.Release|Any CPU.ActiveCfg = Release|Any CPU
		{23227B7C-5348-4F67-BA82-E1C2DA86D1CF}.Release|Any CPU.Build.0 = Release|Any CPU
		{149626FE-45DD-4C34-B859-9D92D137136D}.Debug|Any CPU.ActiveCfg = Debug|Any CPU
		{149626FE-45DD-4C34-B859-9D92D137136D}.Debug|Any CPU.Build.0 = Debug|Any CPU
		{149626FE-45DD-4C34-B859-9D92D137136D}.Release|Any CPU.ActiveCfg = Release|Any CPU
		{149626FE-45DD-4C34-B859-9D92D137136D}.Release|Any CPU.Build.0 = Release|Any CPU
		{C7CF4144-6E98-40FB-95FE-B0D0116FB239}.Debug|Any CPU.ActiveCfg = Debug|Any CPU
		{C7CF4144-6E98-40FB-95FE-B0D0116FB239}.Debug|Any CPU.Build.0 = Debug|Any CPU
		{C7CF4144-6E98-40FB-95FE-B0D0116FB239}.Release|Any CPU.ActiveCfg = Release|Any CPU
		{C7CF4144-6E98-40FB-95FE-B0D0116FB239}.Release|Any CPU.Build.0 = Release|Any CPU
		{63D442C4-CC68-473B-BF98-5FC9E0295896}.Debug|Any CPU.ActiveCfg = Debug|Any CPU
		{63D442C4-CC68-473B-BF98-5FC9E0295896}.Debug|Any CPU.Build.0 = Debug|Any CPU
		{63D442C4-CC68-473B-BF98-5FC9E0295896}.Release|Any CPU.ActiveCfg = Release|Any CPU
		{63D442C4-CC68-473B-BF98-5FC9E0295896}.Release|Any CPU.Build.0 = Release|Any CPU
		{E90141C3-07CB-47CE-ABB5-FAD214634C55}.Debug|Any CPU.ActiveCfg = Debug|Any CPU
		{E90141C3-07CB-47CE-ABB5-FAD214634C55}.Debug|Any CPU.Build.0 = Debug|Any CPU
		{E90141C3-07CB-47CE-ABB5-FAD214634C55}.Release|Any CPU.ActiveCfg = Release|Any CPU
		{E90141C3-07CB-47CE-ABB5-FAD214634C55}.Release|Any CPU.Build.0 = Release|Any CPU
		{47D20E27-5581-473C-949F-B3D93850F903}.Debug|Any CPU.ActiveCfg = Debug|Any CPU
		{47D20E27-5581-473C-949F-B3D93850F903}.Debug|Any CPU.Build.0 = Debug|Any CPU
		{47D20E27-5581-473C-949F-B3D93850F903}.Release|Any CPU.ActiveCfg = Release|Any CPU
		{47D20E27-5581-473C-949F-B3D93850F903}.Release|Any CPU.Build.0 = Release|Any CPU
		{EB468140-6E35-499A-8F25-3E12F896EFF6}.Debug|Any CPU.ActiveCfg = Debug|Any CPU
		{EB468140-6E35-499A-8F25-3E12F896EFF6}.Debug|Any CPU.Build.0 = Debug|Any CPU
		{EB468140-6E35-499A-8F25-3E12F896EFF6}.Release|Any CPU.ActiveCfg = Release|Any CPU
		{EB468140-6E35-499A-8F25-3E12F896EFF6}.Release|Any CPU.Build.0 = Release|Any CPU
	EndGlobalSection
	GlobalSection(SolutionProperties) = preSolution
		HideSolutionNode = FALSE
	EndGlobalSection
	GlobalSection(ExtensibilityGlobals) = postSolution
		SolutionGuid = {91606737-E914-4DD3-92ED-B81B94DF17E8}
	EndGlobalSection
EndGlobal
