
Microsoft Visual Studio Solution File, Format Version 12.00
# Visual Studio 15
VisualStudioVersion = 15.0.28307.168
MinimumVisualStudioVersion = 10.0.40219.1
Project("{FAE04EC0-301F-11D3-BF4B-00C04F79EFBC}") = "P01.OddLines", "P01.OddLines\P01.OddLines.csproj", "{FDA4FE32-DA05-4EF6-AD26-EBC6BACACE8B}"
EndProject
Global
	GlobalSection(SolutionConfigurationPlatforms) = preSolution
		Debug|Any CPU = Debug|Any CPU
		Release|Any CPU = Release|Any CPU
	EndGlobalSection
	GlobalSection(ProjectConfigurationPlatforms) = postSolution
		{FDA4FE32-DA05-4EF6-AD26-EBC6BACACE8B}.Debug|Any CPU.ActiveCfg = Debug|Any CPU
		{FDA4FE32-DA05-4EF6-AD26-EBC6BACACE8B}.Debug|Any CPU.Build.0 = Debug|Any CPU
		{FDA4FE32-DA05-4EF6-AD26-EBC6BACACE8B}.Release|Any CPU.ActiveCfg = Release|Any CPU
		{FDA4FE32-DA05-4EF6-AD26-EBC6BACACE8B}.Release|Any CPU.Build.0 = Release|Any CPU
	EndGlobalSection
	GlobalSection(SolutionProperties) = preSolution
		HideSolutionNode = FALSE
	EndGlobalSection
	GlobalSection(ExtensibilityGlobals) = postSolution
		SolutionGuid = {5D71F2D8-6E4D-420F-B176-87B929D690B2}
	EndGlobalSection
EndGlobal
