
Microsoft Visual Studio Solution File, Format Version 12.00
# Visual Studio 15
VisualStudioVersion = 15.0.28307.168
MinimumVisualStudioVersion = 10.0.40219.1
Project("{9A19103F-16F7-4668-BE54-9A1E7A4F7556}") = "P01.ReverseNumbersWithAStack", "P01.ReverseNumbersWithAStack\P01.ReverseNumbersWithAStack.csproj", "{36EF4469-1927-416F-ABF6-E26FF79E0249}"
EndProject
Project("{9A19103F-16F7-4668-BE54-9A1E7A4F7556}") = "P02.BasicStackOperations", "P02.BasicStackOperations\P02.BasicStackOperations.csproj", "{DD0080CD-1FB7-4667-B6BF-B859C6D62190}"
EndProject
Project("{9A19103F-16F7-4668-BE54-9A1E7A4F7556}") = "P03.MaximumElement", "P03.MaximumElement\P03.MaximumElement.csproj", "{FA2E6C6A-61BA-473B-BB34-FDD28EC1DF2A}"
EndProject
Project("{9A19103F-16F7-4668-BE54-9A1E7A4F7556}") = "P04.BasicQueueOperations", "P04.BasicQueueOperations\P04.BasicQueueOperations.csproj", "{31A8BFE3-1E91-44DC-B9AF-4B35330E0F0D}"
EndProject
Project("{9A19103F-16F7-4668-BE54-9A1E7A4F7556}") = "P05.CalculateSequenceWithQueue", "P05.CalculateSequenceWithQueue\P05.CalculateSequenceWithQueue.csproj", "{2B0F7C59-0E35-4E38-9F54-96742B88B518}"
EndProject
Project("{9A19103F-16F7-4668-BE54-9A1E7A4F7556}") = "P06.TruckTour", "P06.TruckTour\P06.TruckTour.csproj", "{77B6D846-3C99-415A-B56E-DB5F2FCFB704}"
EndProject
Project("{9A19103F-16F7-4668-BE54-9A1E7A4F7556}") = "P10.PoisonousPlants", "P10.PoisonousPlants\P10.PoisonousPlants.csproj", "{136F6D20-4A7E-492C-BE3E-5BEE5C5443E9}"
EndProject
Project("{9A19103F-16F7-4668-BE54-9A1E7A4F7556}") = "P07.BalancedParentheses", "P07.BalancedParentheses\P07.BalancedParentheses.csproj", "{FD6D764C-4C5B-4813-B847-5B041685F490}"
EndProject
Project("{9A19103F-16F7-4668-BE54-9A1E7A4F7556}") = "P06.TruckTour-2", "P06.TruckTour-2\P06.TruckTour-2.csproj", "{E3316193-C09C-4AB6-AEBB-2AAD3ACFBB0F}"
EndProject
Project("{9A19103F-16F7-4668-BE54-9A1E7A4F7556}") = "P07.BalancedParentheses-2", "P07.BalancedParentheses-2\P07.BalancedParentheses-2.csproj", "{5194CC46-1891-4AB8-AE8F-AEC2E57A1B92}"
EndProject
Project("{9A19103F-16F7-4668-BE54-9A1E7A4F7556}") = "P08.StackFibonacci", "P08.StackFibonacci\P08.StackFibonacci.csproj", "{910AEEDC-FB5F-40B0-9B04-5FB97C5D3980}"
EndProject
Project("{9A19103F-16F7-4668-BE54-9A1E7A4F7556}") = "P09.SimpleTextEditor", "P09.SimpleTextEditor\P09.SimpleTextEditor.csproj", "{C0292850-D730-46DC-885E-204DF46E4A07}"
EndProject
Project("{9A19103F-16F7-4668-BE54-9A1E7A4F7556}") = "P02.StackSum", "P02.StackSum\P02.StackSum.csproj", "{D239DAE6-F65F-4D55-ACCB-BB0658DD2531}"
EndProject
Project("{FAE04EC0-301F-11D3-BF4B-00C04F79EFBC}") = "P03.MaximumAndMinimumElement", "P03.MaximumAndMinimumElement\P03.MaximumAndMinimumElement.csproj", "{8B1E3F83-FAA0-4457-8F20-40BCF5335EC9}"
EndProject
Project("{FAE04EC0-301F-11D3-BF4B-00C04F79EFBC}") = "P04.FastFood", "P04.FastFood\P04.FastFood.csproj", "{89981111-A9CF-42AB-A970-F4B5CB2BB744}"
EndProject
Global
	GlobalSection(SolutionConfigurationPlatforms) = preSolution
		Debug|Any CPU = Debug|Any CPU
		Release|Any CPU = Release|Any CPU
	EndGlobalSection
	GlobalSection(ProjectConfigurationPlatforms) = postSolution
		{36EF4469-1927-416F-ABF6-E26FF79E0249}.Debug|Any CPU.ActiveCfg = Debug|Any CPU
		{36EF4469-1927-416F-ABF6-E26FF79E0249}.Debug|Any CPU.Build.0 = Debug|Any CPU
		{36EF4469-1927-416F-ABF6-E26FF79E0249}.Release|Any CPU.ActiveCfg = Release|Any CPU
		{36EF4469-1927-416F-ABF6-E26FF79E0249}.Release|Any CPU.Build.0 = Release|Any CPU
		{DD0080CD-1FB7-4667-B6BF-B859C6D62190}.Debug|Any CPU.ActiveCfg = Debug|Any CPU
		{DD0080CD-1FB7-4667-B6BF-B859C6D62190}.Debug|Any CPU.Build.0 = Debug|Any CPU
		{DD0080CD-1FB7-4667-B6BF-B859C6D62190}.Release|Any CPU.ActiveCfg = Release|Any CPU
		{DD0080CD-1FB7-4667-B6BF-B859C6D62190}.Release|Any CPU.Build.0 = Release|Any CPU
		{FA2E6C6A-61BA-473B-BB34-FDD28EC1DF2A}.Debug|Any CPU.ActiveCfg = Debug|Any CPU
		{FA2E6C6A-61BA-473B-BB34-FDD28EC1DF2A}.Debug|Any CPU.Build.0 = Debug|Any CPU
		{FA2E6C6A-61BA-473B-BB34-FDD28EC1DF2A}.Release|Any CPU.ActiveCfg = Release|Any CPU
		{FA2E6C6A-61BA-473B-BB34-FDD28EC1DF2A}.Release|Any CPU.Build.0 = Release|Any CPU
		{31A8BFE3-1E91-44DC-B9AF-4B35330E0F0D}.Debug|Any CPU.ActiveCfg = Debug|Any CPU
		{31A8BFE3-1E91-44DC-B9AF-4B35330E0F0D}.Debug|Any CPU.Build.0 = Debug|Any CPU
		{31A8BFE3-1E91-44DC-B9AF-4B35330E0F0D}.Release|Any CPU.ActiveCfg = Release|Any CPU
		{31A8BFE3-1E91-44DC-B9AF-4B35330E0F0D}.Release|Any CPU.Build.0 = Release|Any CPU
		{2B0F7C59-0E35-4E38-9F54-96742B88B518}.Debug|Any CPU.ActiveCfg = Debug|Any CPU
		{2B0F7C59-0E35-4E38-9F54-96742B88B518}.Debug|Any CPU.Build.0 = Debug|Any CPU
		{2B0F7C59-0E35-4E38-9F54-96742B88B518}.Release|Any CPU.ActiveCfg = Release|Any CPU
		{2B0F7C59-0E35-4E38-9F54-96742B88B518}.Release|Any CPU.Build.0 = Release|Any CPU
		{77B6D846-3C99-415A-B56E-DB5F2FCFB704}.Debug|Any CPU.ActiveCfg = Debug|Any CPU
		{77B6D846-3C99-415A-B56E-DB5F2FCFB704}.Debug|Any CPU.Build.0 = Debug|Any CPU
		{77B6D846-3C99-415A-B56E-DB5F2FCFB704}.Release|Any CPU.ActiveCfg = Release|Any CPU
		{77B6D846-3C99-415A-B56E-DB5F2FCFB704}.Release|Any CPU.Build.0 = Release|Any CPU
		{136F6D20-4A7E-492C-BE3E-5BEE5C5443E9}.Debug|Any CPU.ActiveCfg = Debug|Any CPU
		{136F6D20-4A7E-492C-BE3E-5BEE5C5443E9}.Debug|Any CPU.Build.0 = Debug|Any CPU
		{136F6D20-4A7E-492C-BE3E-5BEE5C5443E9}.Release|Any CPU.ActiveCfg = Release|Any CPU
		{136F6D20-4A7E-492C-BE3E-5BEE5C5443E9}.Release|Any CPU.Build.0 = Release|Any CPU
		{FD6D764C-4C5B-4813-B847-5B041685F490}.Debug|Any CPU.ActiveCfg = Debug|Any CPU
		{FD6D764C-4C5B-4813-B847-5B041685F490}.Debug|Any CPU.Build.0 = Debug|Any CPU
		{FD6D764C-4C5B-4813-B847-5B041685F490}.Release|Any CPU.ActiveCfg = Release|Any CPU
		{FD6D764C-4C5B-4813-B847-5B041685F490}.Release|Any CPU.Build.0 = Release|Any CPU
		{E3316193-C09C-4AB6-AEBB-2AAD3ACFBB0F}.Debug|Any CPU.ActiveCfg = Debug|Any CPU
		{E3316193-C09C-4AB6-AEBB-2AAD3ACFBB0F}.Debug|Any CPU.Build.0 = Debug|Any CPU
		{E3316193-C09C-4AB6-AEBB-2AAD3ACFBB0F}.Release|Any CPU.ActiveCfg = Release|Any CPU
		{E3316193-C09C-4AB6-AEBB-2AAD3ACFBB0F}.Release|Any CPU.Build.0 = Release|Any CPU
		{5194CC46-1891-4AB8-AE8F-AEC2E57A1B92}.Debug|Any CPU.ActiveCfg = Debug|Any CPU
		{5194CC46-1891-4AB8-AE8F-AEC2E57A1B92}.Debug|Any CPU.Build.0 = Debug|Any CPU
		{5194CC46-1891-4AB8-AE8F-AEC2E57A1B92}.Release|Any CPU.ActiveCfg = Release|Any CPU
		{5194CC46-1891-4AB8-AE8F-AEC2E57A1B92}.Release|Any CPU.Build.0 = Release|Any CPU
		{910AEEDC-FB5F-40B0-9B04-5FB97C5D3980}.Debug|Any CPU.ActiveCfg = Debug|Any CPU
		{910AEEDC-FB5F-40B0-9B04-5FB97C5D3980}.Debug|Any CPU.Build.0 = Debug|Any CPU
		{910AEEDC-FB5F-40B0-9B04-5FB97C5D3980}.Release|Any CPU.ActiveCfg = Release|Any CPU
		{910AEEDC-FB5F-40B0-9B04-5FB97C5D3980}.Release|Any CPU.Build.0 = Release|Any CPU
		{C0292850-D730-46DC-885E-204DF46E4A07}.Debug|Any CPU.ActiveCfg = Debug|Any CPU
		{C0292850-D730-46DC-885E-204DF46E4A07}.Debug|Any CPU.Build.0 = Debug|Any CPU
		{C0292850-D730-46DC-885E-204DF46E4A07}.Release|Any CPU.ActiveCfg = Release|Any CPU
		{C0292850-D730-46DC-885E-204DF46E4A07}.Release|Any CPU.Build.0 = Release|Any CPU
		{D239DAE6-F65F-4D55-ACCB-BB0658DD2531}.Debug|Any CPU.ActiveCfg = Debug|Any CPU
		{D239DAE6-F65F-4D55-ACCB-BB0658DD2531}.Debug|Any CPU.Build.0 = Debug|Any CPU
		{D239DAE6-F65F-4D55-ACCB-BB0658DD2531}.Release|Any CPU.ActiveCfg = Release|Any CPU
		{D239DAE6-F65F-4D55-ACCB-BB0658DD2531}.Release|Any CPU.Build.0 = Release|Any CPU
		{8B1E3F83-FAA0-4457-8F20-40BCF5335EC9}.Debug|Any CPU.ActiveCfg = Debug|Any CPU
		{8B1E3F83-FAA0-4457-8F20-40BCF5335EC9}.Debug|Any CPU.Build.0 = Debug|Any CPU
		{8B1E3F83-FAA0-4457-8F20-40BCF5335EC9}.Release|Any CPU.ActiveCfg = Release|Any CPU
		{8B1E3F83-FAA0-4457-8F20-40BCF5335EC9}.Release|Any CPU.Build.0 = Release|Any CPU
		{89981111-A9CF-42AB-A970-F4B5CB2BB744}.Debug|Any CPU.ActiveCfg = Debug|Any CPU
		{89981111-A9CF-42AB-A970-F4B5CB2BB744}.Debug|Any CPU.Build.0 = Debug|Any CPU
		{89981111-A9CF-42AB-A970-F4B5CB2BB744}.Release|Any CPU.ActiveCfg = Release|Any CPU
		{89981111-A9CF-42AB-A970-F4B5CB2BB744}.Release|Any CPU.Build.0 = Release|Any CPU
	EndGlobalSection
	GlobalSection(SolutionProperties) = preSolution
		HideSolutionNode = FALSE
	EndGlobalSection
	GlobalSection(ExtensibilityGlobals) = postSolution
		SolutionGuid = {CCCA7DFE-B230-4D62-B623-148C75A7BF67}
	EndGlobalSection
EndGlobal
