
Microsoft Visual Studio Solution File, Format Version 12.00
# Visual Studio 15
VisualStudioVersion = 15.0.28307.168
MinimumVisualStudioVersion = 10.0.40219.1
Project("{9A19103F-16F7-4668-BE54-9A1E7A4F7556}") = "P01.ReverseNumbersWithAStack", "P01.ReverseNumbersWithAStack\P01.ReverseNumbersWithAStack.csproj", "{36EF4469-1927-416F-ABF6-E26FF79E0249}"
EndProject
Project("{9A19103F-16F7-4668-BE54-9A1E7A4F7556}") = "P02.BasicStackOperations", "P02.BasicStackOperations\P02.BasicStackOperations.csproj", "{DD0080CD-1FB7-4667-B6BF-B859C6D62190}"
EndProject
Project("{FAE04EC0-301F-11D3-BF4B-00C04F79EFBC}") = "P03.MaximumElement", "P03.MaximumElement\P03.MaximumElement.csproj", "{FA2E6C6A-61BA-473B-BB34-FDD28EC1DF2A}"
EndProject
Global
	GlobalSection(SolutionConfigurationPlatforms) = preSolution
		Debug|Any CPU = Debug|Any CPU
		Release|Any CPU = Release|Any CPU
	EndGlobalSection
	GlobalSection(ProjectConfigurationPlatforms) = postSolution
		{36EF4469-1927-416F-ABF6-E26FF79E0249}.Debug|Any CPU.ActiveCfg = Debug|Any CPU
		{36EF4469-1927-416F-ABF6-E26FF79E0249}.Debug|Any CPU.Build.0 = Debug|Any CPU
		{36EF4469-1927-416F-ABF6-E26FF79E0249}.Release|Any CPU.ActiveCfg = Release|Any CPU
		{36EF4469-1927-416F-ABF6-E26FF79E0249}.Release|Any CPU.Build.0 = Release|Any CPU
		{DD0080CD-1FB7-4667-B6BF-B859C6D62190}.Debug|Any CPU.ActiveCfg = Debug|Any CPU
		{DD0080CD-1FB7-4667-B6BF-B859C6D62190}.Debug|Any CPU.Build.0 = Debug|Any CPU
		{DD0080CD-1FB7-4667-B6BF-B859C6D62190}.Release|Any CPU.ActiveCfg = Release|Any CPU
		{DD0080CD-1FB7-4667-B6BF-B859C6D62190}.Release|Any CPU.Build.0 = Release|Any CPU
		{FA2E6C6A-61BA-473B-BB34-FDD28EC1DF2A}.Debug|Any CPU.ActiveCfg = Debug|Any CPU
		{FA2E6C6A-61BA-473B-BB34-FDD28EC1DF2A}.Debug|Any CPU.Build.0 = Debug|Any CPU
		{FA2E6C6A-61BA-473B-BB34-FDD28EC1DF2A}.Release|Any CPU.ActiveCfg = Release|Any CPU
		{FA2E6C6A-61BA-473B-BB34-FDD28EC1DF2A}.Release|Any CPU.Build.0 = Release|Any CPU
	EndGlobalSection
	GlobalSection(SolutionProperties) = preSolution
		HideSolutionNode = FALSE
	EndGlobalSection
	GlobalSection(ExtensibilityGlobals) = postSolution
		SolutionGuid = {CCCA7DFE-B230-4D62-B623-148C75A7BF67}
	EndGlobalSection
EndGlobal
