
Microsoft Visual Studio Solution File, Format Version 12.00
# Visual Studio 15
VisualStudioVersion = 15.0.28307.168
MinimumVisualStudioVersion = 10.0.40219.1
Project("{9A19103F-16F7-4668-BE54-9A1E7A4F7556}") = "P01.ReverseStrings", "P01.ReverseStrings\P01.ReverseStrings.csproj", "{FA132271-E00B-4C0D-AC19-5E3FBA388431}"
EndProject
Project("{9A19103F-16F7-4668-BE54-9A1E7A4F7556}") = "P02.StackSum", "P02.StackSum\P02.StackSum.csproj", "{AE48B217-7461-42C6-8645-16C4917037A5}"
EndProject
Project("{9A19103F-16F7-4668-BE54-9A1E7A4F7556}") = "P03.SimpleCalculator", "P03.SimpleCalculator\P03.SimpleCalculator.csproj", "{178A1CC5-405D-4DA4-BDF6-4F8F5C5AC191}"
EndProject
Project("{9A19103F-16F7-4668-BE54-9A1E7A4F7556}") = "DirectoryRenamer", "DirectoryRenamer\DirectoryRenamer.csproj", "{C9BC2BDE-3D88-40C6-87A6-20AB219CFBA9}"
EndProject
Project("{FAE04EC0-301F-11D3-BF4B-00C04F79EFBC}") = "DirectoryRenamer-2", "DirectoryRenamer-2\DirectoryRenamer-2.csproj", "{4897425E-2E3B-4449-9E9D-9DE563936019}"
EndProject
Global
	GlobalSection(SolutionConfigurationPlatforms) = preSolution
		Debug|Any CPU = Debug|Any CPU
		Release|Any CPU = Release|Any CPU
	EndGlobalSection
	GlobalSection(ProjectConfigurationPlatforms) = postSolution
		{FA132271-E00B-4C0D-AC19-5E3FBA388431}.Debug|Any CPU.ActiveCfg = Debug|Any CPU
		{FA132271-E00B-4C0D-AC19-5E3FBA388431}.Debug|Any CPU.Build.0 = Debug|Any CPU
		{FA132271-E00B-4C0D-AC19-5E3FBA388431}.Release|Any CPU.ActiveCfg = Release|Any CPU
		{FA132271-E00B-4C0D-AC19-5E3FBA388431}.Release|Any CPU.Build.0 = Release|Any CPU
		{AE48B217-7461-42C6-8645-16C4917037A5}.Debug|Any CPU.ActiveCfg = Debug|Any CPU
		{AE48B217-7461-42C6-8645-16C4917037A5}.Debug|Any CPU.Build.0 = Debug|Any CPU
		{AE48B217-7461-42C6-8645-16C4917037A5}.Release|Any CPU.ActiveCfg = Release|Any CPU
		{AE48B217-7461-42C6-8645-16C4917037A5}.Release|Any CPU.Build.0 = Release|Any CPU
		{178A1CC5-405D-4DA4-BDF6-4F8F5C5AC191}.Debug|Any CPU.ActiveCfg = Debug|Any CPU
		{178A1CC5-405D-4DA4-BDF6-4F8F5C5AC191}.Debug|Any CPU.Build.0 = Debug|Any CPU
		{178A1CC5-405D-4DA4-BDF6-4F8F5C5AC191}.Release|Any CPU.ActiveCfg = Release|Any CPU
		{178A1CC5-405D-4DA4-BDF6-4F8F5C5AC191}.Release|Any CPU.Build.0 = Release|Any CPU
		{C9BC2BDE-3D88-40C6-87A6-20AB219CFBA9}.Debug|Any CPU.ActiveCfg = Debug|Any CPU
		{C9BC2BDE-3D88-40C6-87A6-20AB219CFBA9}.Debug|Any CPU.Build.0 = Debug|Any CPU
		{C9BC2BDE-3D88-40C6-87A6-20AB219CFBA9}.Release|Any CPU.ActiveCfg = Release|Any CPU
		{C9BC2BDE-3D88-40C6-87A6-20AB219CFBA9}.Release|Any CPU.Build.0 = Release|Any CPU
		{4897425E-2E3B-4449-9E9D-9DE563936019}.Debug|Any CPU.ActiveCfg = Debug|Any CPU
		{4897425E-2E3B-4449-9E9D-9DE563936019}.Debug|Any CPU.Build.0 = Debug|Any CPU
		{4897425E-2E3B-4449-9E9D-9DE563936019}.Release|Any CPU.ActiveCfg = Release|Any CPU
		{4897425E-2E3B-4449-9E9D-9DE563936019}.Release|Any CPU.Build.0 = Release|Any CPU
	EndGlobalSection
	GlobalSection(SolutionProperties) = preSolution
		HideSolutionNode = FALSE
	EndGlobalSection
	GlobalSection(ExtensibilityGlobals) = postSolution
		SolutionGuid = {69D598F2-AD10-4ECA-AFBF-18A34BF6F280}
	EndGlobalSection
EndGlobal
